
Microsoft Visual Studio Solution File, Format Version 12.00
# Visual Studio Version 17
VisualStudioVersion = 17.13.35931.197 d17.13
MinimumVisualStudioVersion = 10.0.40219.1
Project("{FAE04EC0-301F-11D3-BF4B-00C04F79EFBC}") = "LockLesson", "LockLesson\LockLesson.csproj", "{7C070E88-D650-46EE-8FDB-DDE2401F1732}"
EndProject
Project("{FAE04EC0-301F-11D3-BF4B-00C04F79EFBC}") = "TestingWebServer", "TestingWebServer\TestingWebServer.csproj", "{E7EFF7DC-F73A-4C35-836D-02235D3249DD}"
EndProject
Project("{FAE04EC0-301F-11D3-BF4B-00C04F79EFBC}") = "FrontEndWinForm", "FrontEndWinForm\FrontEndWinForm.csproj", "{0B5D9FD5-09C6-4433-8480-80AA7150E1B8}"
EndProject
Global
	GlobalSection(SolutionConfigurationPlatforms) = preSolution
		Debug|Any CPU = Debug|Any CPU
		Release|Any CPU = Release|Any CPU
	EndGlobalSection
	GlobalSection(ProjectConfigurationPlatforms) = postSolution
		{7C070E88-D650-46EE-8FDB-DDE2401F1732}.Debug|Any CPU.ActiveCfg = Debug|Any CPU
		{7C070E88-D650-46EE-8FDB-DDE2401F1732}.Debug|Any CPU.Build.0 = Debug|Any CPU
		{7C070E88-D650-46EE-8FDB-DDE2401F1732}.Release|Any CPU.ActiveCfg = Release|Any CPU
		{7C070E88-D650-46EE-8FDB-DDE2401F1732}.Release|Any CPU.Build.0 = Release|Any CPU
		{E7EFF7DC-F73A-4C35-836D-02235D3249DD}.Debug|Any CPU.ActiveCfg = Debug|Any CPU
		{E7EFF7DC-F73A-4C35-836D-02235D3249DD}.Debug|Any CPU.Build.0 = Debug|Any CPU
		{E7EFF7DC-F73A-4C35-836D-02235D3249DD}.Release|Any CPU.ActiveCfg = Release|Any CPU
		{E7EFF7DC-F73A-4C35-836D-02235D3249DD}.Release|Any CPU.Build.0 = Release|Any CPU
		{0B5D9FD5-09C6-4433-8480-80AA7150E1B8}.Debug|Any CPU.ActiveCfg = Debug|Any CPU
		{0B5D9FD5-09C6-4433-8480-80AA7150E1B8}.Debug|Any CPU.Build.0 = Debug|Any CPU
		{0B5D9FD5-09C6-4433-8480-80AA7150E1B8}.Release|Any CPU.ActiveCfg = Release|Any CPU
		{0B5D9FD5-09C6-4433-8480-80AA7150E1B8}.Release|Any CPU.Build.0 = Release|Any CPU
	EndGlobalSection
	GlobalSection(SolutionProperties) = preSolution
		HideSolutionNode = FALSE
	EndGlobalSection
	GlobalSection(ExtensibilityGlobals) = postSolution
		SolutionGuid = {D8F13E99-5E40-49FE-8DD8-DFBE1348F805}
	EndGlobalSection
EndGlobal
