
Microsoft Visual Studio Solution File, Format Version 12.00
# Visual Studio Version 17
VisualStudioVersion = 17.4.33122.133
MinimumVisualStudioVersion = 10.0.40219.1
Project("{FAE04EC0-301F-11D3-BF4B-00C04F79EFBC}") = "Project2React", "Project2React\Project2React.csproj", "{F7270930-ED29-46DF-B231-105ADADFD396}"
EndProject
Global
	GlobalSection(SolutionConfigurationPlatforms) = preSolution
		Debug|Any CPU = Debug|Any CPU
		Release|Any CPU = Release|Any CPU
	EndGlobalSection
	GlobalSection(ProjectConfigurationPlatforms) = postSolution
		{F7270930-ED29-46DF-B231-105ADADFD396}.Debug|Any CPU.ActiveCfg = Debug|Any CPU
		{F7270930-ED29-46DF-B231-105ADADFD396}.Debug|Any CPU.Build.0 = Debug|Any CPU
		{F7270930-ED29-46DF-B231-105ADADFD396}.Release|Any CPU.ActiveCfg = Release|Any CPU
		{F7270930-ED29-46DF-B231-105ADADFD396}.Release|Any CPU.Build.0 = Release|Any CPU
	EndGlobalSection
	GlobalSection(SolutionProperties) = preSolution
		HideSolutionNode = FALSE
	EndGlobalSection
	GlobalSection(ExtensibilityGlobals) = postSolution
		SolutionGuid = {717F47B2-ED18-4383-9A3A-29CD197A78E4}
	EndGlobalSection
EndGlobal
