
Microsoft Visual Studio Solution File, Format Version 12.00
# Visual Studio Version 16
VisualStudioVersion = 16.0.31402.337
MinimumVisualStudioVersion = 10.0.40219.1
Project("{FAE04EC0-301F-11D3-BF4B-00C04F79EFBC}") = "CellPainExmp", "CellPainExmp\CellPainExmp.csproj", "{0BBE3B18-29C3-4637-BAAE-A15F7B8D69A3}"
EndProject
Global
	GlobalSection(SolutionConfigurationPlatforms) = preSolution
		Debug|Any CPU = Debug|Any CPU
		Release|Any CPU = Release|Any CPU
	EndGlobalSection
	GlobalSection(ProjectConfigurationPlatforms) = postSolution
		{0BBE3B18-29C3-4637-BAAE-A15F7B8D69A3}.Debug|Any CPU.ActiveCfg = Debug|Any CPU
		{0BBE3B18-29C3-4637-BAAE-A15F7B8D69A3}.Debug|Any CPU.Build.0 = Debug|Any CPU
		{0BBE3B18-29C3-4637-BAAE-A15F7B8D69A3}.Release|Any CPU.ActiveCfg = Release|Any CPU
		{0BBE3B18-29C3-4637-BAAE-A15F7B8D69A3}.Release|Any CPU.Build.0 = Release|Any CPU
	EndGlobalSection
	GlobalSection(SolutionProperties) = preSolution
		HideSolutionNode = FALSE
	EndGlobalSection
	GlobalSection(ExtensibilityGlobals) = postSolution
		SolutionGuid = {3D7434E1-76A8-40E6-BFF2-0BB5CC4A8C4F}
	EndGlobalSection
EndGlobal
