
Microsoft Visual Studio Solution File, Format Version 12.00
# Visual Studio Version 17
VisualStudioVersion = 17.3.32811.315
MinimumVisualStudioVersion = 10.0.40219.1
Project("{FAE04EC0-301F-11D3-BF4B-00C04F79EFBC}") = "BlazorApp19_08_2022", "BlazorApp19_08_2022\BlazorApp19_08_2022.csproj", "{CCC04A83-610F-4D0D-8C6A-D06DA8BB8185}"
EndProject
Global
	GlobalSection(SolutionConfigurationPlatforms) = preSolution
		Debug|Any CPU = Debug|Any CPU
		Release|Any CPU = Release|Any CPU
	EndGlobalSection
	GlobalSection(ProjectConfigurationPlatforms) = postSolution
		{CCC04A83-610F-4D0D-8C6A-D06DA8BB8185}.Debug|Any CPU.ActiveCfg = Debug|Any CPU
		{CCC04A83-610F-4D0D-8C6A-D06DA8BB8185}.Debug|Any CPU.Build.0 = Debug|Any CPU
		{CCC04A83-610F-4D0D-8C6A-D06DA8BB8185}.Release|Any CPU.ActiveCfg = Release|Any CPU
		{CCC04A83-610F-4D0D-8C6A-D06DA8BB8185}.Release|Any CPU.Build.0 = Release|Any CPU
	EndGlobalSection
	GlobalSection(SolutionProperties) = preSolution
		HideSolutionNode = FALSE
	EndGlobalSection
	GlobalSection(ExtensibilityGlobals) = postSolution
		SolutionGuid = {9BF9E778-5C27-474E-9F7A-037713977409}
	EndGlobalSection
EndGlobal
