
Microsoft Visual Studio Solution File, Format Version 12.00
# Visual Studio Version 17
VisualStudioVersion = 17.13.35931.197 d17.13
MinimumVisualStudioVersion = 10.0.40219.1
Project("{FAE04EC0-301F-11D3-BF4B-00C04F79EFBC}") = "asyncLessons", "asyncLessons\asyncLessons.csproj", "{4FF9CC15-8D8B-4B16-98D4-923D72C983C1}"
EndProject
Global
	GlobalSection(SolutionConfigurationPlatforms) = preSolution
		Debug|Any CPU = Debug|Any CPU
		Release|Any CPU = Release|Any CPU
	EndGlobalSection
	GlobalSection(ProjectConfigurationPlatforms) = postSolution
		{4FF9CC15-8D8B-4B16-98D4-923D72C983C1}.Debug|Any CPU.ActiveCfg = Debug|Any CPU
		{4FF9CC15-8D8B-4B16-98D4-923D72C983C1}.Debug|Any CPU.Build.0 = Debug|Any CPU
		{4FF9CC15-8D8B-4B16-98D4-923D72C983C1}.Release|Any CPU.ActiveCfg = Release|Any CPU
		{4FF9CC15-8D8B-4B16-98D4-923D72C983C1}.Release|Any CPU.Build.0 = Release|Any CPU
	EndGlobalSection
	GlobalSection(SolutionProperties) = preSolution
		HideSolutionNode = FALSE
	EndGlobalSection
	GlobalSection(ExtensibilityGlobals) = postSolution
		SolutionGuid = {E287B8AC-DF61-4B6C-A84B-EE5AA33FC2BD}
	EndGlobalSection
EndGlobal
