
Microsoft Visual Studio Solution File, Format Version 12.00
# Visual Studio Version 16
VisualStudioVersion = 16.0.31911.196
MinimumVisualStudioVersion = 10.0.40219.1
Project("{FAE04EC0-301F-11D3-BF4B-00C04F79EFBC}") = "GCMonitor", "GCMonitor\GCMonitor.csproj", "{5D80BAB8-FF08-483F-A48D-986A8F085B8D}"
EndProject
Global
	GlobalSection(SolutionConfigurationPlatforms) = preSolution
		Debug|Any CPU = Debug|Any CPU
		Release|Any CPU = Release|Any CPU
	EndGlobalSection
	GlobalSection(ProjectConfigurationPlatforms) = postSolution
		{5D80BAB8-FF08-483F-A48D-986A8F085B8D}.Debug|Any CPU.ActiveCfg = Debug|Any CPU
		{5D80BAB8-FF08-483F-A48D-986A8F085B8D}.Debug|Any CPU.Build.0 = Debug|Any CPU
		{5D80BAB8-FF08-483F-A48D-986A8F085B8D}.Release|Any CPU.ActiveCfg = Release|Any CPU
		{5D80BAB8-FF08-483F-A48D-986A8F085B8D}.Release|Any CPU.Build.0 = Release|Any CPU
	EndGlobalSection
	GlobalSection(SolutionProperties) = preSolution
		HideSolutionNode = FALSE
	EndGlobalSection
	GlobalSection(ExtensibilityGlobals) = postSolution
		SolutionGuid = {C8A35B04-0385-4AF0-A01A-408738783662}
	EndGlobalSection
EndGlobal
