
Microsoft Visual Studio Solution File, Format Version 12.00
# Visual Studio Version 17
VisualStudioVersion = 17.6.33815.320
MinimumVisualStudioVersion = 10.0.40219.1
Project("{FAE04EC0-301F-11D3-BF4B-00C04F79EFBC}") = "mvp-communicate-routing", "mvp-communicate-routing\mvp-communicate-routing.csproj", "{1D1EED70-1EA8-4356-8D17-BC0F49A45E8B}"
EndProject
Global
	GlobalSection(SolutionConfigurationPlatforms) = preSolution
		Debug|Any CPU = Debug|Any CPU
		Release|Any CPU = Release|Any CPU
	EndGlobalSection
	GlobalSection(ProjectConfigurationPlatforms) = postSolution
		{1D1EED70-1EA8-4356-8D17-BC0F49A45E8B}.Debug|Any CPU.ActiveCfg = Debug|Any CPU
		{1D1EED70-1EA8-4356-8D17-BC0F49A45E8B}.Debug|Any CPU.Build.0 = Debug|Any CPU
		{1D1EED70-1EA8-4356-8D17-BC0F49A45E8B}.Release|Any CPU.ActiveCfg = Release|Any CPU
		{1D1EED70-1EA8-4356-8D17-BC0F49A45E8B}.Release|Any CPU.Build.0 = Release|Any CPU
	EndGlobalSection
	GlobalSection(SolutionProperties) = preSolution
		HideSolutionNode = FALSE
	EndGlobalSection
	GlobalSection(ExtensibilityGlobals) = postSolution
		SolutionGuid = {4553BCF7-E844-4333-B77D-042BDBE420F4}
	EndGlobalSection
EndGlobal
