
Microsoft Visual Studio Solution File, Format Version 12.00
# Visual Studio Version 16
VisualStudioVersion = 16.0.31729.503
MinimumVisualStudioVersion = 10.0.40219.1
Project("{FAE04EC0-301F-11D3-BF4B-00C04F79EFBC}") = "WebApplicationRazor", "WebApplicationRazor\WebApplicationRazor.csproj", "{747602A6-86A4-4D02-8AA3-99773385F6C1}"
EndProject
Global
	GlobalSection(SolutionConfigurationPlatforms) = preSolution
		Debug|Any CPU = Debug|Any CPU
		Release|Any CPU = Release|Any CPU
	EndGlobalSection
	GlobalSection(ProjectConfigurationPlatforms) = postSolution
		{747602A6-86A4-4D02-8AA3-99773385F6C1}.Debug|Any CPU.ActiveCfg = Debug|Any CPU
		{747602A6-86A4-4D02-8AA3-99773385F6C1}.Debug|Any CPU.Build.0 = Debug|Any CPU
		{747602A6-86A4-4D02-8AA3-99773385F6C1}.Release|Any CPU.ActiveCfg = Release|Any CPU
		{747602A6-86A4-4D02-8AA3-99773385F6C1}.Release|Any CPU.Build.0 = Release|Any CPU
	EndGlobalSection
	GlobalSection(SolutionProperties) = preSolution
		HideSolutionNode = FALSE
	EndGlobalSection
	GlobalSection(ExtensibilityGlobals) = postSolution
		SolutionGuid = {2A2FBA9C-EF3D-476D-B752-201B6A8840F3}
	EndGlobalSection
EndGlobal
