
Microsoft Visual Studio Solution File, Format Version 12.00
# Visual Studio Version 17
VisualStudioVersion = 17.4.33122.133
MinimumVisualStudioVersion = 10.0.40219.1
Project("{FAE04EC0-301F-11D3-BF4B-00C04F79EFBC}") = "stack_lesson", "stack_lesson\stack_lesson.csproj", "{76B6BEB1-2184-4CDA-9D6F-8BD93E912C16}"
EndProject
Global
	GlobalSection(SolutionConfigurationPlatforms) = preSolution
		Debug|Any CPU = Debug|Any CPU
		Release|Any CPU = Release|Any CPU
	EndGlobalSection
	GlobalSection(ProjectConfigurationPlatforms) = postSolution
		{76B6BEB1-2184-4CDA-9D6F-8BD93E912C16}.Debug|Any CPU.ActiveCfg = Debug|Any CPU
		{76B6BEB1-2184-4CDA-9D6F-8BD93E912C16}.Debug|Any CPU.Build.0 = Debug|Any CPU
		{76B6BEB1-2184-4CDA-9D6F-8BD93E912C16}.Release|Any CPU.ActiveCfg = Release|Any CPU
		{76B6BEB1-2184-4CDA-9D6F-8BD93E912C16}.Release|Any CPU.Build.0 = Release|Any CPU
	EndGlobalSection
	GlobalSection(SolutionProperties) = preSolution
		HideSolutionNode = FALSE
	EndGlobalSection
	GlobalSection(ExtensibilityGlobals) = postSolution
		SolutionGuid = {90B5AA5D-19B3-4553-8355-555BD7B7F012}
	EndGlobalSection
EndGlobal
