
Microsoft Visual Studio Solution File, Format Version 12.00
# Visual Studio Version 17
VisualStudioVersion = 17.0.32014.148
MinimumVisualStudioVersion = 10.0.40219.1
Project("{FAE04EC0-301F-11D3-BF4B-00C04F79EFBC}") = "WinFormsApp1_2022", "WinFormsApp1_2022\WinFormsApp1_2022.csproj", "{302F0EEA-6AAE-4643-BDD3-5F20C58ED7F8}"
EndProject
Global
	GlobalSection(SolutionConfigurationPlatforms) = preSolution
		Debug|Any CPU = Debug|Any CPU
		Release|Any CPU = Release|Any CPU
	EndGlobalSection
	GlobalSection(ProjectConfigurationPlatforms) = postSolution
		{302F0EEA-6AAE-4643-BDD3-5F20C58ED7F8}.Debug|Any CPU.ActiveCfg = Debug|Any CPU
		{302F0EEA-6AAE-4643-BDD3-5F20C58ED7F8}.Debug|Any CPU.Build.0 = Debug|Any CPU
		{302F0EEA-6AAE-4643-BDD3-5F20C58ED7F8}.Release|Any CPU.ActiveCfg = Release|Any CPU
		{302F0EEA-6AAE-4643-BDD3-5F20C58ED7F8}.Release|Any CPU.Build.0 = Release|Any CPU
	EndGlobalSection
	GlobalSection(SolutionProperties) = preSolution
		HideSolutionNode = FALSE
	EndGlobalSection
	GlobalSection(ExtensibilityGlobals) = postSolution
		SolutionGuid = {AB656974-4219-4AA4-9F6D-F0F4BE7D1B0A}
	EndGlobalSection
EndGlobal
