
Microsoft Visual Studio Solution File, Format Version 12.00
# Visual Studio Version 17
VisualStudioVersion = 17.4.33213.308
MinimumVisualStudioVersion = 10.0.40219.1
Project("{FAE04EC0-301F-11D3-BF4B-00C04F79EFBC}") = "ConsoleAppCSV", "ConsoleAppCSV\ConsoleAppCSV.csproj", "{333AC327-3230-484D-8394-EF7FC89183A6}"
EndProject
Global
	GlobalSection(SolutionConfigurationPlatforms) = preSolution
		Debug|Any CPU = Debug|Any CPU
		Release|Any CPU = Release|Any CPU
	EndGlobalSection
	GlobalSection(ProjectConfigurationPlatforms) = postSolution
		{333AC327-3230-484D-8394-EF7FC89183A6}.Debug|Any CPU.ActiveCfg = Debug|Any CPU
		{333AC327-3230-484D-8394-EF7FC89183A6}.Debug|Any CPU.Build.0 = Debug|Any CPU
		{333AC327-3230-484D-8394-EF7FC89183A6}.Release|Any CPU.ActiveCfg = Release|Any CPU
		{333AC327-3230-484D-8394-EF7FC89183A6}.Release|Any CPU.Build.0 = Release|Any CPU
	EndGlobalSection
	GlobalSection(SolutionProperties) = preSolution
		HideSolutionNode = FALSE
	EndGlobalSection
	GlobalSection(ExtensibilityGlobals) = postSolution
		SolutionGuid = {A9B7118F-A891-42CD-8AA6-C10112438D6C}
	EndGlobalSection
EndGlobal
