
Microsoft Visual Studio Solution File, Format Version 12.00
# Visual Studio Version 17
VisualStudioVersion = 17.6.33815.320
MinimumVisualStudioVersion = 10.0.40219.1
Project("{FAE04EC0-301F-11D3-BF4B-00C04F79EFBC}") = "RazorAjazPostExample", "RazorAjazPostExample\RazorAjazPostExample.csproj", "{9F092DF7-D02F-414C-B4AE-4553D6D247B1}"
EndProject
Global
	GlobalSection(SolutionConfigurationPlatforms) = preSolution
		Debug|Any CPU = Debug|Any CPU
		Release|Any CPU = Release|Any CPU
	EndGlobalSection
	GlobalSection(ProjectConfigurationPlatforms) = postSolution
		{9F092DF7-D02F-414C-B4AE-4553D6D247B1}.Debug|Any CPU.ActiveCfg = Debug|Any CPU
		{9F092DF7-D02F-414C-B4AE-4553D6D247B1}.Debug|Any CPU.Build.0 = Debug|Any CPU
		{9F092DF7-D02F-414C-B4AE-4553D6D247B1}.Release|Any CPU.ActiveCfg = Release|Any CPU
		{9F092DF7-D02F-414C-B4AE-4553D6D247B1}.Release|Any CPU.Build.0 = Release|Any CPU
	EndGlobalSection
	GlobalSection(SolutionProperties) = preSolution
		HideSolutionNode = FALSE
	EndGlobalSection
	GlobalSection(ExtensibilityGlobals) = postSolution
		SolutionGuid = {300528A2-AF56-4DBD-8284-F35A39D6A00D}
	EndGlobalSection
EndGlobal
