
Microsoft Visual Studio Solution File, Format Version 12.00
# Visual Studio Version 17
VisualStudioVersion = 17.4.33122.133
MinimumVisualStudioVersion = 10.0.40219.1
Project("{FAE04EC0-301F-11D3-BF4B-00C04F79EFBC}") = "Project2Angular", "Project2Angular\Project2Angular.csproj", "{954FD40E-736B-46F8-AA4C-8F367573338E}"
EndProject
Global
	GlobalSection(SolutionConfigurationPlatforms) = preSolution
		Debug|Any CPU = Debug|Any CPU
		Release|Any CPU = Release|Any CPU
	EndGlobalSection
	GlobalSection(ProjectConfigurationPlatforms) = postSolution
		{954FD40E-736B-46F8-AA4C-8F367573338E}.Debug|Any CPU.ActiveCfg = Debug|Any CPU
		{954FD40E-736B-46F8-AA4C-8F367573338E}.Debug|Any CPU.Build.0 = Debug|Any CPU
		{954FD40E-736B-46F8-AA4C-8F367573338E}.Release|Any CPU.ActiveCfg = Release|Any CPU
		{954FD40E-736B-46F8-AA4C-8F367573338E}.Release|Any CPU.Build.0 = Release|Any CPU
	EndGlobalSection
	GlobalSection(SolutionProperties) = preSolution
		HideSolutionNode = FALSE
	EndGlobalSection
	GlobalSection(ExtensibilityGlobals) = postSolution
		SolutionGuid = {2D505610-FEC3-4044-9378-5A50E5330F42}
	EndGlobalSection
EndGlobal
