
Microsoft Visual Studio Solution File, Format Version 12.00
# Visual Studio Version 17
VisualStudioVersion = 17.4.33213.308
MinimumVisualStudioVersion = 10.0.40219.1
Project("{FAE04EC0-301F-11D3-BF4B-00C04F79EFBC}") = "ICollectionLesson", "ICollectionLesson\ICollectionLesson.csproj", "{A062280D-16DD-4DC1-9F08-4F5EB67C9366}"
EndProject
Global
	GlobalSection(SolutionConfigurationPlatforms) = preSolution
		Debug|Any CPU = Debug|Any CPU
		Release|Any CPU = Release|Any CPU
	EndGlobalSection
	GlobalSection(ProjectConfigurationPlatforms) = postSolution
		{A062280D-16DD-4DC1-9F08-4F5EB67C9366}.Debug|Any CPU.ActiveCfg = Debug|Any CPU
		{A062280D-16DD-4DC1-9F08-4F5EB67C9366}.Debug|Any CPU.Build.0 = Debug|Any CPU
		{A062280D-16DD-4DC1-9F08-4F5EB67C9366}.Release|Any CPU.ActiveCfg = Release|Any CPU
		{A062280D-16DD-4DC1-9F08-4F5EB67C9366}.Release|Any CPU.Build.0 = Release|Any CPU
	EndGlobalSection
	GlobalSection(SolutionProperties) = preSolution
		HideSolutionNode = FALSE
	EndGlobalSection
	GlobalSection(ExtensibilityGlobals) = postSolution
		SolutionGuid = {09AFC4FE-26BD-403B-935A-BF093D89E57B}
	EndGlobalSection
EndGlobal
