
Microsoft Visual Studio Solution File, Format Version 12.00
# Visual Studio Version 17
VisualStudioVersion = 17.2.32630.192
MinimumVisualStudioVersion = 10.0.40219.1
Project("{FAE04EC0-301F-11D3-BF4B-00C04F79EFBC}") = "HtmlGeneratorExample", "HtmlGeneratorExample\HtmlGeneratorExample.csproj", "{DEF74B82-38FE-4070-A37C-171EC405E8EC}"
EndProject
Global
	GlobalSection(SolutionConfigurationPlatforms) = preSolution
		Debug|Any CPU = Debug|Any CPU
		Release|Any CPU = Release|Any CPU
	EndGlobalSection
	GlobalSection(ProjectConfigurationPlatforms) = postSolution
		{DEF74B82-38FE-4070-A37C-171EC405E8EC}.Debug|Any CPU.ActiveCfg = Debug|Any CPU
		{DEF74B82-38FE-4070-A37C-171EC405E8EC}.Debug|Any CPU.Build.0 = Debug|Any CPU
		{DEF74B82-38FE-4070-A37C-171EC405E8EC}.Release|Any CPU.ActiveCfg = Release|Any CPU
		{DEF74B82-38FE-4070-A37C-171EC405E8EC}.Release|Any CPU.Build.0 = Release|Any CPU
	EndGlobalSection
	GlobalSection(SolutionProperties) = preSolution
		HideSolutionNode = FALSE
	EndGlobalSection
	GlobalSection(ExtensibilityGlobals) = postSolution
		SolutionGuid = {70804134-0155-4303-BFCB-BE3FAC30CB6D}
	EndGlobalSection
EndGlobal
