
Microsoft Visual Studio Solution File, Format Version 12.00
# Visual Studio Version 17
VisualStudioVersion = 17.7.34009.444
MinimumVisualStudioVersion = 10.0.40219.1
Project("{9A19103F-16F7-4668-BE54-9A1E7A4F7556}") = "ConsoleAppPrototypes", "ConsoleAppPrototypes\ConsoleAppPrototypes.csproj", "{BBA33DD4-A8A4-46D9-9F65-3862C3782A74}"
EndProject
Project("{9A19103F-16F7-4668-BE54-9A1E7A4F7556}") = "Levenshtein", "Levenshtein\Levenshtein.csproj", "{31BD02EB-45C2-4A0E-BB26-3775B29ACBC5}"
EndProject
Project("{FAE04EC0-301F-11D3-BF4B-00C04F79EFBC}") = "LevelFromXp", "LevelFromXp\LevelFromXp.csproj", "{37310F4B-0303-4D41-A32B-438B0661A152}"
EndProject
Global
	GlobalSection(SolutionConfigurationPlatforms) = preSolution
		Debug|Any CPU = Debug|Any CPU
		Release|Any CPU = Release|Any CPU
	EndGlobalSection
	GlobalSection(ProjectConfigurationPlatforms) = postSolution
		{BBA33DD4-A8A4-46D9-9F65-3862C3782A74}.Debug|Any CPU.ActiveCfg = Debug|Any CPU
		{BBA33DD4-A8A4-46D9-9F65-3862C3782A74}.Debug|Any CPU.Build.0 = Debug|Any CPU
		{BBA33DD4-A8A4-46D9-9F65-3862C3782A74}.Release|Any CPU.ActiveCfg = Release|Any CPU
		{BBA33DD4-A8A4-46D9-9F65-3862C3782A74}.Release|Any CPU.Build.0 = Release|Any CPU
		{31BD02EB-45C2-4A0E-BB26-3775B29ACBC5}.Debug|Any CPU.ActiveCfg = Debug|Any CPU
		{31BD02EB-45C2-4A0E-BB26-3775B29ACBC5}.Debug|Any CPU.Build.0 = Debug|Any CPU
		{31BD02EB-45C2-4A0E-BB26-3775B29ACBC5}.Release|Any CPU.ActiveCfg = Release|Any CPU
		{31BD02EB-45C2-4A0E-BB26-3775B29ACBC5}.Release|Any CPU.Build.0 = Release|Any CPU
		{37310F4B-0303-4D41-A32B-438B0661A152}.Debug|Any CPU.ActiveCfg = Debug|Any CPU
		{37310F4B-0303-4D41-A32B-438B0661A152}.Debug|Any CPU.Build.0 = Debug|Any CPU
		{37310F4B-0303-4D41-A32B-438B0661A152}.Release|Any CPU.ActiveCfg = Release|Any CPU
		{37310F4B-0303-4D41-A32B-438B0661A152}.Release|Any CPU.Build.0 = Release|Any CPU
	EndGlobalSection
	GlobalSection(SolutionProperties) = preSolution
		HideSolutionNode = FALSE
	EndGlobalSection
	GlobalSection(ExtensibilityGlobals) = postSolution
		SolutionGuid = {E1BD73D9-EDEA-4C39-A3C3-A0805440E2E3}
	EndGlobalSection
EndGlobal
